// !$*UTF8*$!
{
	archiveVersion = 1;
	classes = {
	};
	objectVersion = 77;
	objects = {

/* Begin PBXBuildFile section */
		6D54AEBF2D56B3BE0095BC41 /* FirebaseAuth in Frameworks */ = {isa = PBXBuildFile; productRef = 6D54AEBE2D56B3BE0095BC41 /* FirebaseAuth */; };
		6D54AEC32D56B3BE0095BC41 /* FirebaseCore in Frameworks */ = {isa = PBXBuildFile; productRef = 6D54AEC22D56B3BE0095BC41 /* FirebaseCore */; };
		6D54AEC72D56B3BE0095BC41 /* FirebaseDatabase in Frameworks */ = {isa = PBXBuildFile; productRef = 6D54AEC62D56B3BE0095BC41 /* FirebaseDatabase */; };
		6D54AEC92D56B3BE0095BC41 /* FirebaseDynamicLinks in Frameworks */ = {isa = PBXBuildFile; productRef = 6D54AEC82D56B3BE0095BC41 /* FirebaseDynamicLinks */; };
		6D54AECB2D56B3BE0095BC41 /* FirebaseFirestore in Frameworks */ = {isa = PBXBuildFile; productRef = 6D54AECA2D56B3BE0095BC41 /* FirebaseFirestore */; };
		6D54AECF2D56B3BE0095BC41 /* FirebaseFunctions in Frameworks */ = {isa = PBXBuildFile; productRef = 6D54AECE2D56B3BE0095BC41 /* FirebaseFunctions */; };
		6D54AED32D56B3BE0095BC41 /* FirebaseInAppMessaging-Beta in Frameworks */ = {isa = PBXBuildFile; productRef = 6D54AED22D56B3BE0095BC41 /* FirebaseInAppMessaging-Beta */; };
		6D54AED52D56B3BE0095BC41 /* FirebaseInstallations in Frameworks */ = {isa = PBXBuildFile; productRef = 6D54AED42D56B3BE0095BC41 /* FirebaseInstallations */; };
		6D54AED72D56B3BE0095BC41 /* FirebaseMessaging in Frameworks */ = {isa = PBXBuildFile; productRef = 6D54AED62D56B3BE0095BC41 /* FirebaseMessaging */; };
		6D54AEDB2D56B3BE0095BC41 /* FirebasePerformance in Frameworks */ = {isa = PBXBuildFile; productRef = 6D54AEDA2D56B3BE0095BC41 /* FirebasePerformance */; };
		6D54AEDD2D56B3BE0095BC41 /* FirebaseRemoteConfig in Frameworks */ = {isa = PBXBuildFile; productRef = 6D54AEDC2D56B3BE0095BC41 /* FirebaseRemoteConfig */; };
		6D54AEDF2D56B3BE0095BC41 /* FirebaseStorage in Frameworks */ = {isa = PBXBuildFile; productRef = 6D54AEDE2D56B3BE0095BC41 /* FirebaseStorage */; };
		6D54AF972D56ED400095BC41 /* FirebaseAnalytics in Frameworks */ = {isa = PBXBuildFile; productRef = 6D54AF962D56ED400095BC41 /* FirebaseAnalytics */; };
		6D54AF992D56ED400095BC41 /* FirebaseAnalyticsOnDeviceConversion in Frameworks */ = {isa = PBXBuildFile; productRef = 6D54AF982D56ED400095BC41 /* FirebaseAnalyticsOnDeviceConversion */; };
		6D54AF9B2D56ED400095BC41 /* FirebaseAnalyticsWithoutAdIdSupport in Frameworks */ = {isa = PBXBuildFile; productRef = 6D54AF9A2D56ED400095BC41 /* FirebaseAnalyticsWithoutAdIdSupport */; };
		6D54AF9D2D56ED400095BC41 /* FirebaseCrashlytics in Frameworks */ = {isa = PBXBuildFile; productRef = 6D54AF9C2D56ED400095BC41 /* FirebaseCrashlytics */; };
/* End PBXBuildFile section */

/* Begin PBXFileReference section */
		6D54AE9F2D56AC7C0095BC41 /* solstice.app */ = {isa = PBXFileReference; explicitFileType = wrapper.application; includeInIndex = 0; path = solstice.app; sourceTree = BUILT_PRODUCTS_DIR; };
/* End PBXFileReference section */

/* Begin PBXFileSystemSynchronizedBuildFileExceptionSet section */
		6D54AFA22D56F10E0095BC41 /* Exceptions for "solstice" folder in "solstice" target */ = {
			isa = PBXFileSystemSynchronizedBuildFileExceptionSet;
			membershipExceptions = (
				Info.plist,
			);
			target = 6D54AE9E2D56AC7C0095BC41 /* solstice */;
		};
/* End PBXFileSystemSynchronizedBuildFileExceptionSet section */

/* Begin PBXFileSystemSynchronizedRootGroup section */
		6D54AEA12D56AC7C0095BC41 /* solstice */ = {
			isa = PBXFileSystemSynchronizedRootGroup;
			exceptions = (
				6D54AFA22D56F10E0095BC41 /* Exceptions for "solstice" folder in "solstice" target */,
			);
			path = solstice;
			sourceTree = "<group>";
		};
/* End PBXFileSystemSynchronizedRootGroup section */

/* Begin PBXFrameworksBuildPhase section */
		6D54AE9C2D56AC7C0095BC41 /* Frameworks */ = {
			isa = PBXFrameworksBuildPhase;
			buildActionMask = 2147483647;
			files = (
				6D54AED72D56B3BE0095BC41 /* FirebaseMessaging in Frameworks */,
				6D54AF9B2D56ED400095BC41 /* FirebaseAnalyticsWithoutAdIdSupport in Frameworks */,
				6D54AEDB2D56B3BE0095BC41 /* FirebasePerformance in Frameworks */,
				6D54AEDD2D56B3BE0095BC41 /* FirebaseRemoteConfig in Frameworks */,
				6D54AF992D56ED400095BC41 /* FirebaseAnalyticsOnDeviceConversion in Frameworks */,
				6D54AECF2D56B3BE0095BC41 /* FirebaseFunctions in Frameworks */,
				6D54AF972D56ED400095BC41 /* FirebaseAnalytics in Frameworks */,
				6D54AEC72D56B3BE0095BC41 /* FirebaseDatabase in Frameworks */,
				6D54AEC92D56B3BE0095BC41 /* FirebaseDynamicLinks in Frameworks */,
				6D54AEBF2D56B3BE0095BC41 /* FirebaseAuth in Frameworks */,
				6D54AECB2D56B3BE0095BC41 /* FirebaseFirestore in Frameworks */,
				6D54AED52D56B3BE0095BC41 /* FirebaseInstallations in Frameworks */,
				6D54AED32D56B3BE0095BC41 /* FirebaseInAppMessaging-Beta in Frameworks */,
				6D54AF9D2D56ED400095BC41 /* FirebaseCrashlytics in Frameworks */,
				6D54AEDF2D56B3BE0095BC41 /* FirebaseStorage in Frameworks */,
				6D54AEC32D56B3BE0095BC41 /* FirebaseCore in Frameworks */,
			);
			runOnlyForDeploymentPostprocessing = 0;
		};
/* End PBXFrameworksBuildPhase section */

/* Begin PBXGroup section */
		6D54AE962D56AC7C0095BC41 = {
			isa = PBXGroup;
			children = (
				6D54AEA12D56AC7C0095BC41 /* solstice */,
				6D54AEA02D56AC7C0095BC41 /* Products */,
			);
			sourceTree = "<group>";
		};
		6D54AEA02D56AC7C0095BC41 /* Products */ = {
			isa = PBXGroup;
			children = (
				6D54AE9F2D56AC7C0095BC41 /* solstice.app */,
			);
			name = Products;
			sourceTree = "<group>";
		};
/* End PBXGroup section */

/* Begin PBXNativeTarget section */
		6D54AE9E2D56AC7C0095BC41 /* solstice */ = {
			isa = PBXNativeTarget;
			buildConfigurationList = 6D54AEAD2D56AC7E0095BC41 /* Build configuration list for PBXNativeTarget "solstice" */;
			buildPhases = (
				6D54AE9B2D56AC7C0095BC41 /* Sources */,
				6D54AE9C2D56AC7C0095BC41 /* Frameworks */,
				6D54AE9D2D56AC7C0095BC41 /* Resources */,
			);
			buildRules = (
			);
			dependencies = (
				6D1B5C872D58216F003B5667 /* PBXTargetDependency */,
				6D1B5C892D58216F003B5667 /* PBXTargetDependency */,
				6D1B5C8B2D58216F003B5667 /* PBXTargetDependency */,
				6D1B5C8D2D58216F003B5667 /* PBXTargetDependency */,
				6D1B5C8F2D58216F003B5667 /* PBXTargetDependency */,
				6D1B5C912D58216F003B5667 /* PBXTargetDependency */,
				6D1B5C932D58216F003B5667 /* PBXTargetDependency */,
				6D1B5C952D58216F003B5667 /* PBXTargetDependency */,
				6D1B5C972D58216F003B5667 /* PBXTargetDependency */,
				6D1B5C992D58216F003B5667 /* PBXTargetDependency */,
				6D1B5C9B2D58216F003B5667 /* PBXTargetDependency */,
				6D1B5C9D2D58216F003B5667 /* PBXTargetDependency */,
				6D1B5C9F2D58216F003B5667 /* PBXTargetDependency */,
				6D1B5CA12D58216F003B5667 /* PBXTargetDependency */,
				6D1B5CA32D58216F003B5667 /* PBXTargetDependency */,
				6D1B5CA52D58216F003B5667 /* PBXTargetDependency */,
			);
			fileSystemSynchronizedGroups = (
				6D54AEA12D56AC7C0095BC41 /* solstice */,
			);
			name = solstice;
			packageProductDependencies = (
				6D54AEBE2D56B3BE0095BC41 /* FirebaseAuth */,
				6D54AEC22D56B3BE0095BC41 /* FirebaseCore */,
				6D54AEC62D56B3BE0095BC41 /* FirebaseDatabase */,
				6D54AEC82D56B3BE0095BC41 /* FirebaseDynamicLinks */,
				6D54AECA2D56B3BE0095BC41 /* FirebaseFirestore */,
				6D54AECE2D56B3BE0095BC41 /* FirebaseFunctions */,
				6D54AED22D56B3BE0095BC41 /* FirebaseInAppMessaging-Beta */,
				6D54AED42D56B3BE0095BC41 /* FirebaseInstallations */,
				6D54AED62D56B3BE0095BC41 /* FirebaseMessaging */,
				6D54AEDA2D56B3BE0095BC41 /* FirebasePerformance */,
				6D54AEDC2D56B3BE0095BC41 /* FirebaseRemoteConfig */,
				6D54AEDE2D56B3BE0095BC41 /* FirebaseStorage */,
				6D54AF962D56ED400095BC41 /* FirebaseAnalytics */,
				6D54AF982D56ED400095BC41 /* FirebaseAnalyticsOnDeviceConversion */,
				6D54AF9A2D56ED400095BC41 /* FirebaseAnalyticsWithoutAdIdSupport */,
				6D54AF9C2D56ED400095BC41 /* FirebaseCrashlytics */,
			);
			productName = solstice;
			productReference = 6D54AE9F2D56AC7C0095BC41 /* solstice.app */;
			productType = "com.apple.product-type.application";
		};
/* End PBXNativeTarget section */

/* Begin PBXProject section */
		6D54AE972D56AC7C0095BC41 /* Project object */ = {
			isa = PBXProject;
			attributes = {
				BuildIndependentTargetsInParallel = 1;
				LastSwiftUpdateCheck = 1620;
				LastUpgradeCheck = 1620;
				TargetAttributes = {
					6D54AE9E2D56AC7C0095BC41 = {
						CreatedOnToolsVersion = 16.2;
					};
				};
			};
			buildConfigurationList = 6D54AE9A2D56AC7C0095BC41 /* Build configuration list for PBXProject "solstice" */;
			developmentRegion = en;
			hasScannedForEncodings = 0;
			knownRegions = (
				en,
				Base,
			);
			mainGroup = 6D54AE962D56AC7C0095BC41;
			minimizedProjectReferenceProxies = 1;
			packageReferences = (
				6D54AEB22D56ADCC0095BC41 /* XCRemoteSwiftPackageReference "firebase-ios-sdk" */,
			);
			preferredProjectObjectVersion = 77;
			productRefGroup = 6D54AEA02D56AC7C0095BC41 /* Products */;
			projectDirPath = "";
			projectRoot = "";
			targets = (
				6D54AE9E2D56AC7C0095BC41 /* solstice */,
			);
		};
/* End PBXProject section */

/* Begin PBXResourcesBuildPhase section */
		6D54AE9D2D56AC7C0095BC41 /* Resources */ = {
			isa = PBXResourcesBuildPhase;
			buildActionMask = 2147483647;
			files = (
			);
			runOnlyForDeploymentPostprocessing = 0;
		};
/* End PBXResourcesBuildPhase section */

/* Begin PBXSourcesBuildPhase section */
		6D54AE9B2D56AC7C0095BC41 /* Sources */ = {
			isa = PBXSourcesBuildPhase;
			buildActionMask = 2147483647;
			files = (
			);
			runOnlyForDeploymentPostprocessing = 0;
		};
/* End PBXSourcesBuildPhase section */

/* Begin PBXTargetDependency section */
		6D1B5C872D58216F003B5667 /* PBXTargetDependency */ = {
			isa = PBXTargetDependency;
			productRef = 6D1B5C862D58216F003B5667 /* FirebaseAnalytics */;
		};
		6D1B5C892D58216F003B5667 /* PBXTargetDependency */ = {
			isa = PBXTargetDependency;
			productRef = 6D1B5C882D58216F003B5667 /* FirebaseAnalyticsOnDeviceConversion */;
		};
		6D1B5C8B2D58216F003B5667 /* PBXTargetDependency */ = {
			isa = PBXTargetDependency;
			productRef = 6D1B5C8A2D58216F003B5667 /* FirebaseAnalyticsWithoutAdIdSupport */;
		};
		6D1B5C8D2D58216F003B5667 /* PBXTargetDependency */ = {
			isa = PBXTargetDependency;
			productRef = 6D1B5C8C2D58216F003B5667 /* FirebaseAuth */;
		};
		6D1B5C8F2D58216F003B5667 /* PBXTargetDependency */ = {
			isa = PBXTargetDependency;
			productRef = 6D1B5C8E2D58216F003B5667 /* FirebaseCore */;
		};
		6D1B5C912D58216F003B5667 /* PBXTargetDependency */ = {
			isa = PBXTargetDependency;
			productRef = 6D1B5C902D58216F003B5667 /* FirebaseCrashlytics */;
		};
		6D1B5C932D58216F003B5667 /* PBXTargetDependency */ = {
			isa = PBXTargetDependency;
			productRef = 6D1B5C922D58216F003B5667 /* FirebaseDatabase */;
		};
		6D1B5C952D58216F003B5667 /* PBXTargetDependency */ = {
			isa = PBXTargetDependency;
			productRef = 6D1B5C942D58216F003B5667 /* FirebaseDynamicLinks */;
		};
		6D1B5C972D58216F003B5667 /* PBXTargetDependency */ = {
			isa = PBXTargetDependency;
			productRef = 6D1B5C962D58216F003B5667 /* FirebaseFirestore */;
		};
		6D1B5C992D58216F003B5667 /* PBXTargetDependency */ = {
			isa = PBXTargetDependency;
			productRef = 6D1B5C982D58216F003B5667 /* FirebaseFunctions */;
		};
		6D1B5C9B2D58216F003B5667 /* PBXTargetDependency */ = {
			isa = PBXTargetDependency;
			productRef = 6D1B5C9A2D58216F003B5667 /* FirebaseInAppMessaging-Beta */;
		};
		6D1B5C9D2D58216F003B5667 /* PBXTargetDependency */ = {
			isa = PBXTargetDependency;
			productRef = 6D1B5C9C2D58216F003B5667 /* FirebaseInstallations */;
		};
		6D1B5C9F2D58216F003B5667 /* PBXTargetDependency */ = {
			isa = PBXTargetDependency;
			productRef = 6D1B5C9E2D58216F003B5667 /* FirebaseMessaging */;
		};
		6D1B5CA12D58216F003B5667 /* PBXTargetDependency */ = {
			isa = PBXTargetDependency;
			productRef = 6D1B5CA02D58216F003B5667 /* FirebasePerformance */;
		};
		6D1B5CA32D58216F003B5667 /* PBXTargetDependency */ = {
			isa = PBXTargetDependency;
			productRef = 6D1B5CA22D58216F003B5667 /* FirebaseRemoteConfig */;
		};
		6D1B5CA52D58216F003B5667 /* PBXTargetDependency */ = {
			isa = PBXTargetDependency;
			productRef = 6D1B5CA42D58216F003B5667 /* FirebaseStorage */;
		};
/* End PBXTargetDependency section */

/* Begin XCBuildConfiguration section */
		6D54AEAB2D56AC7E0095BC41 /* Debug */ = {
			isa = XCBuildConfiguration;
			buildSettings = {
				ALWAYS_SEARCH_USER_PATHS = NO;
				ASSETCATALOG_COMPILER_GENERATE_SWIFT_ASSET_SYMBOL_EXTENSIONS = YES;
				CLANG_ANALYZER_NONNULL = YES;
				CLANG_ANALYZER_NUMBER_OBJECT_CONVERSION = YES_AGGRESSIVE;
				CLANG_CXX_LANGUAGE_STANDARD = "gnu++20";
				CLANG_ENABLE_MODULES = YES;
				CLANG_ENABLE_OBJC_ARC = YES;
				CLANG_ENABLE_OBJC_WEAK = YES;
				CLANG_WARN_BLOCK_CAPTURE_AUTORELEASING = YES;
				CLANG_WARN_BOOL_CONVERSION = YES;
				CLANG_WARN_COMMA = YES;
				CLANG_WARN_CONSTANT_CONVERSION = YES;
				CLANG_WARN_DEPRECATED_OBJC_IMPLEMENTATIONS = YES;
				CLANG_WARN_DIRECT_OBJC_ISA_USAGE = YES_ERROR;
				CLANG_WARN_DOCUMENTATION_COMMENTS = YES;
				CLANG_WARN_EMPTY_BODY = YES;
				CLANG_WARN_ENUM_CONVERSION = YES;
				CLANG_WARN_INFINITE_RECURSION = YES;
				CLANG_WARN_INT_CONVERSION = YES;
				CLANG_WARN_NON_LITERAL_NULL_CONVERSION = YES;
				CLANG_WARN_OBJC_IMPLICIT_RETAIN_SELF = YES;
				CLANG_WARN_OBJC_LITERAL_CONVERSION = YES;
				CLANG_WARN_OBJC_ROOT_CLASS = YES_ERROR;
				CLANG_WARN_QUOTED_INCLUDE_IN_FRAMEWORK_HEADER = YES;
				CLANG_WARN_RANGE_LOOP_ANALYSIS = YES;
				CLANG_WARN_STRICT_PROTOTYPES = YES;
				CLANG_WARN_SUSPICIOUS_MOVE = YES;
				CLANG_WARN_UNGUARDED_AVAILABILITY = YES_AGGRESSIVE;
				CLANG_WARN_UNREACHABLE_CODE = YES;
				CLANG_WARN__DUPLICATE_METHOD_MATCH = YES;
				COPY_PHASE_STRIP = NO;
				DEBUG_INFORMATION_FORMAT = dwarf;
				ENABLE_STRICT_OBJC_MSGSEND = YES;
				ENABLE_TESTABILITY = YES;
				ENABLE_USER_SCRIPT_SANDBOXING = YES;
				GCC_C_LANGUAGE_STANDARD = gnu17;
				GCC_DYNAMIC_NO_PIC = NO;
				GCC_NO_COMMON_BLOCKS = YES;
				GCC_OPTIMIZATION_LEVEL = 0;
				GCC_PREPROCESSOR_DEFINITIONS = (
					"DEBUG=1",
					"$(inherited)",
				);
				GCC_WARN_64_TO_32_BIT_CONVERSION = YES;
				GCC_WARN_ABOUT_RETURN_TYPE = YES_ERROR;
				GCC_WARN_UNDECLARED_SELECTOR = YES;
				GCC_WARN_UNINITIALIZED_AUTOS = YES_AGGRESSIVE;
				GCC_WARN_UNUSED_FUNCTION = YES;
				GCC_WARN_UNUSED_VARIABLE = YES;
				IPHONEOS_DEPLOYMENT_TARGET = 18.2;
				LOCALIZATION_PREFERS_STRING_CATALOGS = YES;
				MTL_ENABLE_DEBUG_INFO = INCLUDE_SOURCE;
				MTL_FAST_MATH = YES;
				ONLY_ACTIVE_ARCH = YES;
				SDKROOT = iphoneos;
				SWIFT_ACTIVE_COMPILATION_CONDITIONS = "DEBUG $(inherited)";
				SWIFT_OPTIMIZATION_LEVEL = "-Onone";
				SWIFT_VERSION = 6.0;
			};
			name = Debug;
		};
		6D54AEAC2D56AC7E0095BC41 /* Release */ = {
			isa = XCBuildConfiguration;
			buildSettings = {
				ALWAYS_SEARCH_USER_PATHS = NO;
				ASSETCATALOG_COMPILER_GENERATE_SWIFT_ASSET_SYMBOL_EXTENSIONS = YES;
				CLANG_ANALYZER_NONNULL = YES;
				CLANG_ANALYZER_NUMBER_OBJECT_CONVERSION = YES_AGGRESSIVE;
				CLANG_CXX_LANGUAGE_STANDARD = "gnu++20";
				CLANG_ENABLE_MODULES = YES;
				CLANG_ENABLE_OBJC_ARC = YES;
				CLANG_ENABLE_OBJC_WEAK = YES;
				CLANG_WARN_BLOCK_CAPTURE_AUTORELEASING = YES;
				CLANG_WARN_BOOL_CONVERSION = YES;
				CLANG_WARN_COMMA = YES;
				CLANG_WARN_CONSTANT_CONVERSION = YES;
				CLANG_WARN_DEPRECATED_OBJC_IMPLEMENTATIONS = YES;
				CLANG_WARN_DIRECT_OBJC_ISA_USAGE = YES_ERROR;
				CLANG_WARN_DOCUMENTATION_COMMENTS = YES;
				CLANG_WARN_EMPTY_BODY = YES;
				CLANG_WARN_ENUM_CONVERSION = YES;
				CLANG_WARN_INFINITE_RECURSION = YES;
				CLANG_WARN_INT_CONVERSION = YES;
				CLANG_WARN_NON_LITERAL_NULL_CONVERSION = YES;
				CLANG_WARN_OBJC_IMPLICIT_RETAIN_SELF = YES;
				CLANG_WARN_OBJC_LITERAL_CONVERSION = YES;
				CLANG_WARN_OBJC_ROOT_CLASS = YES_ERROR;
				CLANG_WARN_QUOTED_INCLUDE_IN_FRAMEWORK_HEADER = YES;
				CLANG_WARN_RANGE_LOOP_ANALYSIS = YES;
				CLANG_WARN_STRICT_PROTOTYPES = YES;
				CLANG_WARN_SUSPICIOUS_MOVE = YES;
				CLANG_WARN_UNGUARDED_AVAILABILITY = YES_AGGRESSIVE;
				CLANG_WARN_UNREACHABLE_CODE = YES;
				CLANG_WARN__DUPLICATE_METHOD_MATCH = YES;
				COPY_PHASE_STRIP = NO;
				DEBUG_INFORMATION_FORMAT = "dwarf-with-dsym";
				ENABLE_NS_ASSERTIONS = NO;
				ENABLE_STRICT_OBJC_MSGSEND = YES;
				ENABLE_USER_SCRIPT_SANDBOXING = YES;
				GCC_C_LANGUAGE_STANDARD = gnu17;
				GCC_NO_COMMON_BLOCKS = YES;
				GCC_WARN_64_TO_32_BIT_CONVERSION = YES;
				GCC_WARN_ABOUT_RETURN_TYPE = YES_ERROR;
				GCC_WARN_UNDECLARED_SELECTOR = YES;
				GCC_WARN_UNINITIALIZED_AUTOS = YES_AGGRESSIVE;
				GCC_WARN_UNUSED_FUNCTION = YES;
				GCC_WARN_UNUSED_VARIABLE = YES;
				IPHONEOS_DEPLOYMENT_TARGET = 18.2;
				LOCALIZATION_PREFERS_STRING_CATALOGS = YES;
				MTL_ENABLE_DEBUG_INFO = NO;
				MTL_FAST_MATH = YES;
				SDKROOT = iphoneos;
				SWIFT_COMPILATION_MODE = wholemodule;
				SWIFT_VERSION = 6.0;
				VALIDATE_PRODUCT = YES;
			};
			name = Release;
		};
		6D54AEAE2D56AC7E0095BC41 /* Debug */ = {
			isa = XCBuildConfiguration;
			buildSettings = {
				ASSETCATALOG_COMPILER_APPICON_NAME = AppIcon;
				ASSETCATALOG_COMPILER_GLOBAL_ACCENT_COLOR_NAME = AccentColor;
				CODE_SIGN_ENTITLEMENTS = solstice/solsticeDebug.entitlements;
				CODE_SIGN_STYLE = Automatic;
				CURRENT_PROJECT_VERSION = 1;
				DEVELOPMENT_ASSET_PATHS = "\"solstice/Preview Content\"";
				DEVELOPMENT_TEAM = 955LAA5C28;
				ENABLE_PREVIEWS = YES;
				GENERATE_INFOPLIST_FILE = YES;
				INFOPLIST_FILE = solstice/Info.plist;
				INFOPLIST_KEY_LSApplicationCategoryType = "public.app-category.social-networking";
				INFOPLIST_KEY_UIApplicationSceneManifest_Generation = YES;
				INFOPLIST_KEY_UIApplicationSupportsIndirectInputEvents = YES;
				INFOPLIST_KEY_UILaunchScreen_Generation = YES;
				INFOPLIST_KEY_UISupportedInterfaceOrientations_iPad = "UIInterfaceOrientationPortrait UIInterfaceOrientationPortraitUpsideDown UIInterfaceOrientationLandscapeLeft UIInterfaceOrientationLandscapeRight";
				INFOPLIST_KEY_UISupportedInterfaceOrientations_iPhone = "UIInterfaceOrientationPortrait UIInterfaceOrientationLandscapeLeft UIInterfaceOrientationLandscapeRight";
				LD_RUNPATH_SEARCH_PATHS = (
					"$(inherited)",
					"@executable_path/Frameworks",
				);
				MARKETING_VERSION = 1.0;
				PRODUCT_BUNDLE_IDENTIFIER = com.gawntlet.solstice;
				PRODUCT_NAME = "$(TARGET_NAME)";
				SUPPORTED_PLATFORMS = "iphoneos iphonesimulator";
				SUPPORTS_MACCATALYST = NO;
				SUPPORTS_MAC_DESIGNED_FOR_IPHONE_IPAD = NO;
				SUPPORTS_XR_DESIGNED_FOR_IPHONE_IPAD = NO;
				SWIFT_EMIT_LOC_STRINGS = YES;
				SWIFT_VERSION = 6.0;
				TARGETED_DEVICE_FAMILY = 1;
			};
			name = Debug;
		};
		6D54AEAF2D56AC7E0095BC41 /* Release */ = {
			isa = XCBuildConfiguration;
			buildSettings = {
				ASSETCATALOG_COMPILER_APPICON_NAME = AppIcon;
				ASSETCATALOG_COMPILER_GLOBAL_ACCENT_COLOR_NAME = AccentColor;
				CODE_SIGN_ENTITLEMENTS = solstice/solsticeRelease.entitlements;
				CODE_SIGN_STYLE = Automatic;
				CURRENT_PROJECT_VERSION = 1;
				DEVELOPMENT_ASSET_PATHS = "\"solstice/Preview Content\"";
				DEVELOPMENT_TEAM = 955LAA5C28;
				ENABLE_PREVIEWS = YES;
				GENERATE_INFOPLIST_FILE = YES;
				INFOPLIST_FILE = solstice/Info.plist;
				INFOPLIST_KEY_LSApplicationCategoryType = "public.app-category.social-networking";
				INFOPLIST_KEY_UIApplicationSceneManifest_Generation = YES;
				INFOPLIST_KEY_UIApplicationSupportsIndirectInputEvents = YES;
				INFOPLIST_KEY_UILaunchScreen_Generation = YES;
				INFOPLIST_KEY_UISupportedInterfaceOrientations_iPad = "UIInterfaceOrientationPortrait UIInterfaceOrientationPortraitUpsideDown UIInterfaceOrientationLandscapeLeft UIInterfaceOrientationLandscapeRight";
				INFOPLIST_KEY_UISupportedInterfaceOrientations_iPhone = "UIInterfaceOrientationPortrait UIInterfaceOrientationLandscapeLeft UIInterfaceOrientationLandscapeRight";
				LD_RUNPATH_SEARCH_PATHS = (
					"$(inherited)",
					"@executable_path/Frameworks",
				);
				MARKETING_VERSION = 1.0;
				PRODUCT_BUNDLE_IDENTIFIER = com.gawntlet.solstice;
				PRODUCT_NAME = "$(TARGET_NAME)";
				SUPPORTED_PLATFORMS = "iphoneos iphonesimulator";
				SUPPORTS_MACCATALYST = NO;
				SUPPORTS_MAC_DESIGNED_FOR_IPHONE_IPAD = NO;
				SUPPORTS_XR_DESIGNED_FOR_IPHONE_IPAD = NO;
				SWIFT_EMIT_LOC_STRINGS = YES;
				SWIFT_VERSION = 6.0;
				TARGETED_DEVICE_FAMILY = 1;
			};
			name = Release;
		};
/* End XCBuildConfiguration section */

/* Begin XCConfigurationList section */
		6D54AE9A2D56AC7C0095BC41 /* Build configuration list for PBXProject "solstice" */ = {
			isa = XCConfigurationList;
			buildConfigurations = (
				6D54AEAB2D56AC7E0095BC41 /* Debug */,
				6D54AEAC2D56AC7E0095BC41 /* Release */,
			);
			defaultConfigurationIsVisible = 0;
			defaultConfigurationName = Release;
		};
		6D54AEAD2D56AC7E0095BC41 /* Build configuration list for PBXNativeTarget "solstice" */ = {
			isa = XCConfigurationList;
			buildConfigurations = (
				6D54AEAE2D56AC7E0095BC41 /* Debug */,
				6D54AEAF2D56AC7E0095BC41 /* Release */,
			);
			defaultConfigurationIsVisible = 0;
			defaultConfigurationName = Release;
		};
/* End XCConfigurationList section */

/* Begin XCRemoteSwiftPackageReference section */
		6D54AEB22D56ADCC0095BC41 /* XCRemoteSwiftPackageReference "firebase-ios-sdk" */ = {
			isa = XCRemoteSwiftPackageReference;
			repositoryURL = "https://github.com/firebase/firebase-ios-sdk";
			requirement = {
				kind = upToNextMajorVersion;
				minimumVersion = 11.8.1;
			};
		};
/* End XCRemoteSwiftPackageReference section */

/* Begin XCSwiftPackageProductDependency section */
		6D1B5C862D58216F003B5667 /* FirebaseAnalytics */ = {
			isa = XCSwiftPackageProductDependency;
			package = 6D54AEB22D56ADCC0095BC41 /* XCRemoteSwiftPackageReference "firebase-ios-sdk" */;
			productName = FirebaseAnalytics;
		};
		6D1B5C882D58216F003B5667 /* FirebaseAnalyticsOnDeviceConversion */ = {
			isa = XCSwiftPackageProductDependency;
			package = 6D54AEB22D56ADCC0095BC41 /* XCRemoteSwiftPackageReference "firebase-ios-sdk" */;
			productName = FirebaseAnalyticsOnDeviceConversion;
		};
		6D1B5C8A2D58216F003B5667 /* FirebaseAnalyticsWithoutAdIdSupport */ = {
			isa = XCSwiftPackageProductDependency;
			package = 6D54AEB22D56ADCC0095BC41 /* XCRemoteSwiftPackageReference "firebase-ios-sdk" */;
			productName = FirebaseAnalyticsWithoutAdIdSupport;
		};
		6D1B5C8C2D58216F003B5667 /* FirebaseAuth */ = {
			isa = XCSwiftPackageProductDependency;
			package = 6D54AEB22D56ADCC0095BC41 /* XCRemoteSwiftPackageReference "firebase-ios-sdk" */;
			productName = FirebaseAuth;
		};
		6D1B5C8E2D58216F003B5667 /* FirebaseCore */ = {
			isa = XCSwiftPackageProductDependency;
			package = 6D54AEB22D56ADCC0095BC41 /* XCRemoteSwiftPackageReference "firebase-ios-sdk" */;
			productName = FirebaseCore;
		};
		6D1B5C902D58216F003B5667 /* FirebaseCrashlytics */ = {
			isa = XCSwiftPackageProductDependency;
			package = 6D54AEB22D56ADCC0095BC41 /* XCRemoteSwiftPackageReference "firebase-ios-sdk" */;
			productName = FirebaseCrashlytics;
		};
		6D1B5C922D58216F003B5667 /* FirebaseDatabase */ = {
			isa = XCSwiftPackageProductDependency;
			package = 6D54AEB22D56ADCC0095BC41 /* XCRemoteSwiftPackageReference "firebase-ios-sdk" */;
			productName = FirebaseDatabase;
		};
		6D1B5C942D58216F003B5667 /* FirebaseDynamicLinks */ = {
			isa = XCSwiftPackageProductDependency;
			package = 6D54AEB22D56ADCC0095BC41 /* XCRemoteSwiftPackageReference "firebase-ios-sdk" */;
			productName = FirebaseDynamicLinks;
		};
		6D1B5C962D58216F003B5667 /* FirebaseFirestore */ = {
			isa = XCSwiftPackageProductDependency;
			package = 6D54AEB22D56ADCC0095BC41 /* XCRemoteSwiftPackageReference "firebase-ios-sdk" */;
			productName = FirebaseFirestore;
		};
		6D1B5C982D58216F003B5667 /* FirebaseFunctions */ = {
			isa = XCSwiftPackageProductDependency;
			package = 6D54AEB22D56ADCC0095BC41 /* XCRemoteSwiftPackageReference "firebase-ios-sdk" */;
			productName = FirebaseFunctions;
		};
		6D1B5C9A2D58216F003B5667 /* FirebaseInAppMessaging-Beta */ = {
			isa = XCSwiftPackageProductDependency;
			package = 6D54AEB22D56ADCC0095BC41 /* XCRemoteSwiftPackageReference "firebase-ios-sdk" */;
			productName = "FirebaseInAppMessaging-Beta";
		};
		6D1B5C9C2D58216F003B5667 /* FirebaseInstallations */ = {
			isa = XCSwiftPackageProductDependency;
			package = 6D54AEB22D56ADCC0095BC41 /* XCRemoteSwiftPackageReference "firebase-ios-sdk" */;
			productName = FirebaseInstallations;
		};
		6D1B5C9E2D58216F003B5667 /* FirebaseMessaging */ = {
			isa = XCSwiftPackageProductDependency;
			package = 6D54AEB22D56ADCC0095BC41 /* XCRemoteSwiftPackageReference "firebase-ios-sdk" */;
			productName = FirebaseMessaging;
		};
		6D1B5CA02D58216F003B5667 /* FirebasePerformance */ = {
			isa = XCSwiftPackageProductDependency;
			package = 6D54AEB22D56ADCC0095BC41 /* XCRemoteSwiftPackageReference "firebase-ios-sdk" */;
			productName = FirebasePerformance;
		};
		6D1B5CA22D58216F003B5667 /* FirebaseRemoteConfig */ = {
			isa = XCSwiftPackageProductDependency;
			package = 6D54AEB22D56ADCC0095BC41 /* XCRemoteSwiftPackageReference "firebase-ios-sdk" */;
			productName = FirebaseRemoteConfig;
		};
		6D1B5CA42D58216F003B5667 /* FirebaseStorage */ = {
			isa = XCSwiftPackageProductDependency;
			package = 6D54AEB22D56ADCC0095BC41 /* XCRemoteSwiftPackageReference "firebase-ios-sdk" */;
			productName = FirebaseStorage;
		};
		6D54AEBE2D56B3BE0095BC41 /* FirebaseAuth */ = {
			isa = XCSwiftPackageProductDependency;
			package = 6D54AEB22D56ADCC0095BC41 /* XCRemoteSwiftPackageReference "firebase-ios-sdk" */;
			productName = FirebaseAuth;
		};
		6D54AEC22D56B3BE0095BC41 /* FirebaseCore */ = {
			isa = XCSwiftPackageProductDependency;
			package = 6D54AEB22D56ADCC0095BC41 /* XCRemoteSwiftPackageReference "firebase-ios-sdk" */;
			productName = FirebaseCore;
		};
		6D54AEC62D56B3BE0095BC41 /* FirebaseDatabase */ = {
			isa = XCSwiftPackageProductDependency;
			package = 6D54AEB22D56ADCC0095BC41 /* XCRemoteSwiftPackageReference "firebase-ios-sdk" */;
			productName = FirebaseDatabase;
		};
		6D54AEC82D56B3BE0095BC41 /* FirebaseDynamicLinks */ = {
			isa = XCSwiftPackageProductDependency;
			package = 6D54AEB22D56ADCC0095BC41 /* XCRemoteSwiftPackageReference "firebase-ios-sdk" */;
			productName = FirebaseDynamicLinks;
		};
		6D54AECA2D56B3BE0095BC41 /* FirebaseFirestore */ = {
			isa = XCSwiftPackageProductDependency;
			package = 6D54AEB22D56ADCC0095BC41 /* XCRemoteSwiftPackageReference "firebase-ios-sdk" */;
			productName = FirebaseFirestore;
		};
		6D54AECE2D56B3BE0095BC41 /* FirebaseFunctions */ = {
			isa = XCSwiftPackageProductDependency;
			package = 6D54AEB22D56ADCC0095BC41 /* XCRemoteSwiftPackageReference "firebase-ios-sdk" */;
			productName = FirebaseFunctions;
		};
		6D54AED22D56B3BE0095BC41 /* FirebaseInAppMessaging-Beta */ = {
			isa = XCSwiftPackageProductDependency;
			package = 6D54AEB22D56ADCC0095BC41 /* XCRemoteSwiftPackageReference "firebase-ios-sdk" */;
			productName = "FirebaseInAppMessaging-Beta";
		};
		6D54AED42D56B3BE0095BC41 /* FirebaseInstallations */ = {
			isa = XCSwiftPackageProductDependency;
			package = 6D54AEB22D56ADCC0095BC41 /* XCRemoteSwiftPackageReference "firebase-ios-sdk" */;
			productName = FirebaseInstallations;
		};
		6D54AED62D56B3BE0095BC41 /* FirebaseMessaging */ = {
			isa = XCSwiftPackageProductDependency;
			package = 6D54AEB22D56ADCC0095BC41 /* XCRemoteSwiftPackageReference "firebase-ios-sdk" */;
			productName = FirebaseMessaging;
		};
		6D54AEDA2D56B3BE0095BC41 /* FirebasePerformance */ = {
			isa = XCSwiftPackageProductDependency;
			package = 6D54AEB22D56ADCC0095BC41 /* XCRemoteSwiftPackageReference "firebase-ios-sdk" */;
			productName = FirebasePerformance;
		};
		6D54AEDC2D56B3BE0095BC41 /* FirebaseRemoteConfig */ = {
			isa = XCSwiftPackageProductDependency;
			package = 6D54AEB22D56ADCC0095BC41 /* XCRemoteSwiftPackageReference "firebase-ios-sdk" */;
			productName = FirebaseRemoteConfig;
		};
		6D54AEDE2D56B3BE0095BC41 /* FirebaseStorage */ = {
			isa = XCSwiftPackageProductDependency;
			package = 6D54AEB22D56ADCC0095BC41 /* XCRemoteSwiftPackageReference "firebase-ios-sdk" */;
			productName = FirebaseStorage;
		};
		6D54AF962D56ED400095BC41 /* FirebaseAnalytics */ = {
			isa = XCSwiftPackageProductDependency;
			package = 6D54AEB22D56ADCC0095BC41 /* XCRemoteSwiftPackageReference "firebase-ios-sdk" */;
			productName = FirebaseAnalytics;
		};
		6D54AF982D56ED400095BC41 /* FirebaseAnalyticsOnDeviceConversion */ = {
			isa = XCSwiftPackageProductDependency;
			package = 6D54AEB22D56ADCC0095BC41 /* XCRemoteSwiftPackageReference "firebase-ios-sdk" */;
			productName = FirebaseAnalyticsOnDeviceConversion;
		};
		6D54AF9A2D56ED400095BC41 /* FirebaseAnalyticsWithoutAdIdSupport */ = {
			isa = XCSwiftPackageProductDependency;
			package = 6D54AEB22D56ADCC0095BC41 /* XCRemoteSwiftPackageReference "firebase-ios-sdk" */;
			productName = FirebaseAnalyticsWithoutAdIdSupport;
		};
		6D54AF9C2D56ED400095BC41 /* FirebaseCrashlytics */ = {
			isa = XCSwiftPackageProductDependency;
			package = 6D54AEB22D56ADCC0095BC41 /* XCRemoteSwiftPackageReference "firebase-ios-sdk" */;
			productName = FirebaseCrashlytics;
		};
/* End XCSwiftPackageProductDependency section */
	};
	rootObject = 6D54AE972D56AC7C0095BC41 /* Project object */;
}
